
Microsoft Visual Studio Solution File, Format Version 12.00
# Visual Studio 15
VisualStudioVersion = 15.0.27428.2015
MinimumVisualStudioVersion = 10.0.40219.1
Project("{FAE04EC0-301F-11D3-BF4B-00C04F79EFBC}") = "MailChimpApp", "MailChimpApp\MailChimpApp.csproj", "{14D441A0-EA67-40BE-9F46-783FB1D854E7}"
EndProject
Project("{FAE04EC0-301F-11D3-BF4B-00C04F79EFBC}") = "MailChimpService", "MailChimpService\MailChimpService.csproj", "{DB745080-A4A7-4900-89FA-048E53CD07E9}"
EndProject
Global
	GlobalSection(SolutionConfigurationPlatforms) = preSolution
		Debug|Any CPU = Debug|Any CPU
		Release|Any CPU = Release|Any CPU
	EndGlobalSection
	GlobalSection(ProjectConfigurationPlatforms) = postSolution
		{14D441A0-EA67-40BE-9F46-783FB1D854E7}.Debug|Any CPU.ActiveCfg = Debug|Any CPU
		{14D441A0-EA67-40BE-9F46-783FB1D854E7}.Debug|Any CPU.Build.0 = Debug|Any CPU
		{14D441A0-EA67-40BE-9F46-783FB1D854E7}.Release|Any CPU.ActiveCfg = Release|Any CPU
		{14D441A0-EA67-40BE-9F46-783FB1D854E7}.Release|Any CPU.Build.0 = Release|Any CPU
		{DB745080-A4A7-4900-89FA-048E53CD07E9}.Debug|Any CPU.ActiveCfg = Debug|Any CPU
		{DB745080-A4A7-4900-89FA-048E53CD07E9}.Debug|Any CPU.Build.0 = Debug|Any CPU
		{DB745080-A4A7-4900-89FA-048E53CD07E9}.Release|Any CPU.ActiveCfg = Release|Any CPU
		{DB745080-A4A7-4900-89FA-048E53CD07E9}.Release|Any CPU.Build.0 = Release|Any CPU
	EndGlobalSection
	GlobalSection(SolutionProperties) = preSolution
		HideSolutionNode = FALSE
	EndGlobalSection
	GlobalSection(ExtensibilityGlobals) = postSolution
		SolutionGuid = {45823872-80D4-453F-BE10-41895940E4A3}
	EndGlobalSection
EndGlobal
